
Microsoft Visual Studio Solution File, Format Version 12.00
Project("{FAE04EC0-301F-11D3-BF4B-00C04F79EFBC}") = "HouseFinder360.Api", "HouseFinder360.Api\HouseFinder360.Api.csproj", "{2E77A653-B67C-4DB5-A49A-ACA6A3AEA58E}"
EndProject
Project("{FAE04EC0-301F-11D3-BF4B-00C04F79EFBC}") = "HouseFinder360.RealEstates.Infrastructure", "HouseFinder360.RealEstates.Infrastructure\HouseFinder360.RealEstates.Infrastructure.csproj", "{F59A38BB-8F7A-4110-A0B8-4BC027AF90CB}"
EndProject
Project("{FAE04EC0-301F-11D3-BF4B-00C04F79EFBC}") = "HouseFinder360.RealEstates.Application", "HouseFinder360.RealEstates.Application\HouseFinder360.RealEstates.Application.csproj", "{2AF3958F-FEA9-4AB4-B5E7-FB78322FF9DD}"
EndProject
Project("{FAE04EC0-301F-11D3-BF4B-00C04F79EFBC}") = "HouseFinder360.RealEstates.Domain", "HouseFinder360.RealEstates.Domain\HouseFinder360.RealEstates.Domain.csproj", "{5FD9E025-EFDA-4941-B141-A79E7CE9152C}"
EndProject
Project("{FAE04EC0-301F-11D3-BF4B-00C04F79EFBC}") = "HouseFinder360.Domain.BuildingBlocks", "HouseFinder360.Domain.BuildingBlocks\HouseFinder360.Domain.BuildingBlocks.csproj", "{D44A2042-4202-4EC9-A7B1-5B20037C935D}"
EndProject
Project("{2150E333-8FDC-42A3-9474-1A3956D46DE8}") = "Modules", "Modules", "{180E9B91-E298-4372-8F74-EC0381DF273A}"
EndProject
Project("{2150E333-8FDC-42A3-9474-1A3956D46DE8}") = "Shared", "Shared", "{21AB3962-AAB3-4AD0-8775-F395046BD377}"
EndProject
Project("{2150E333-8FDC-42A3-9474-1A3956D46DE8}") = "Api", "Api", "{1AC9FEB5-B8D2-4F3F-9273-6212CC9421FD}"
EndProject
Project("{FAE04EC0-301F-11D3-BF4B-00C04F79EFBC}") = "HouseFinder360.Application.BuildingBlocks", "HouseFinder360.Application.BuildingBlocks\HouseFinder360.Application.BuildingBlocks.csproj", "{9961C84C-BC5F-4614-B0BE-4FA255C02AA4}"
EndProject
Project("{2150E333-8FDC-42A3-9474-1A3956D46DE8}") = "RealEstates", "RealEstates", "{C0AA0E1C-3916-4B17-A00A-EFE08BE2476B}"
EndProject
Project("{2150E333-8FDC-42A3-9474-1A3956D46DE8}") = "Users", "Users", "{662F86CE-8810-48C2-B66F-B91A8BEE7CFA}"
EndProject
Project("{FAE04EC0-301F-11D3-BF4B-00C04F79EFBC}") = "HouseFinder360.Users.Api", "HouseFinder360.Users.Api\HouseFinder360.Users.Api.csproj", "{546EDCA8-2E53-42C7-84E6-B845D8491DE6}"
EndProject
Project("{FAE04EC0-301F-11D3-BF4B-00C04F79EFBC}") = "HouseFinder360.Users.Infrastructure", "HouseFinder360.Users.Infrastructure\HouseFinder360.Users.Infrastructure.csproj", "{8462AD50-F9A8-44CC-A456-F88E96855B2B}"
EndProject
Project("{FAE04EC0-301F-11D3-BF4B-00C04F79EFBC}") = "HouseFinder360.RealEstates.Api", "HouseFinder360.RealEstates.Api\HouseFinder360.RealEstates.Api.csproj", "{AF721FE4-1092-46F2-B8D1-B74F0EA93E52}"
EndProject
Project("{2150E333-8FDC-42A3-9474-1A3956D46DE8}") = "Notifications", "Notifications", "{199EA6DB-4E67-46AB-A61C-038456A81025}"
EndProject
Project("{FAE04EC0-301F-11D3-BF4B-00C04F79EFBC}") = "HouseFinder360.Notifications.Api", "HouseFinder360.Notifications.Api\HouseFinder360.Notifications.Api.csproj", "{3C81DF43-6AE1-40EA-ACD9-F6DD5588D807}"
EndProject
Project("{FAE04EC0-301F-11D3-BF4B-00C04F79EFBC}") = "HoseFinder360.Notifications.Infrastructure", "HoseFinder360.Notifications.Infrastructure\HoseFinder360.Notifications.Infrastructure.csproj", "{E2B40C7C-6EC6-43FB-85C7-2F24BCDD72A9}"
EndProject
Project("{FAE04EC0-301F-11D3-BF4B-00C04F79EFBC}") = "HoseFinder360.Notifications.Core", "HoseFinder360.Notifications.Core\HoseFinder360.Notifications.Core.csproj", "{E233C35B-5EC8-4E87-9C11-F842B20F56FE}"
EndProject
Global
	GlobalSection(SolutionConfigurationPlatforms) = preSolution
		Debug|Any CPU = Debug|Any CPU
		Release|Any CPU = Release|Any CPU
	EndGlobalSection
	GlobalSection(ProjectConfigurationPlatforms) = postSolution
		{2E77A653-B67C-4DB5-A49A-ACA6A3AEA58E}.Debug|Any CPU.ActiveCfg = Debug|Any CPU
		{2E77A653-B67C-4DB5-A49A-ACA6A3AEA58E}.Debug|Any CPU.Build.0 = Debug|Any CPU
		{2E77A653-B67C-4DB5-A49A-ACA6A3AEA58E}.Release|Any CPU.ActiveCfg = Release|Any CPU
		{2E77A653-B67C-4DB5-A49A-ACA6A3AEA58E}.Release|Any CPU.Build.0 = Release|Any CPU
		{F59A38BB-8F7A-4110-A0B8-4BC027AF90CB}.Debug|Any CPU.ActiveCfg = Debug|Any CPU
		{F59A38BB-8F7A-4110-A0B8-4BC027AF90CB}.Debug|Any CPU.Build.0 = Debug|Any CPU
		{F59A38BB-8F7A-4110-A0B8-4BC027AF90CB}.Release|Any CPU.ActiveCfg = Release|Any CPU
		{F59A38BB-8F7A-4110-A0B8-4BC027AF90CB}.Release|Any CPU.Build.0 = Release|Any CPU
		{2AF3958F-FEA9-4AB4-B5E7-FB78322FF9DD}.Debug|Any CPU.ActiveCfg = Debug|Any CPU
		{2AF3958F-FEA9-4AB4-B5E7-FB78322FF9DD}.Debug|Any CPU.Build.0 = Debug|Any CPU
		{2AF3958F-FEA9-4AB4-B5E7-FB78322FF9DD}.Release|Any CPU.ActiveCfg = Release|Any CPU
		{2AF3958F-FEA9-4AB4-B5E7-FB78322FF9DD}.Release|Any CPU.Build.0 = Release|Any CPU
		{5FD9E025-EFDA-4941-B141-A79E7CE9152C}.Debug|Any CPU.ActiveCfg = Debug|Any CPU
		{5FD9E025-EFDA-4941-B141-A79E7CE9152C}.Debug|Any CPU.Build.0 = Debug|Any CPU
		{5FD9E025-EFDA-4941-B141-A79E7CE9152C}.Release|Any CPU.ActiveCfg = Release|Any CPU
		{5FD9E025-EFDA-4941-B141-A79E7CE9152C}.Release|Any CPU.Build.0 = Release|Any CPU
		{D44A2042-4202-4EC9-A7B1-5B20037C935D}.Debug|Any CPU.ActiveCfg = Debug|Any CPU
		{D44A2042-4202-4EC9-A7B1-5B20037C935D}.Debug|Any CPU.Build.0 = Debug|Any CPU
		{D44A2042-4202-4EC9-A7B1-5B20037C935D}.Release|Any CPU.ActiveCfg = Release|Any CPU
		{D44A2042-4202-4EC9-A7B1-5B20037C935D}.Release|Any CPU.Build.0 = Release|Any CPU
		{9961C84C-BC5F-4614-B0BE-4FA255C02AA4}.Debug|Any CPU.ActiveCfg = Debug|Any CPU
		{9961C84C-BC5F-4614-B0BE-4FA255C02AA4}.Debug|Any CPU.Build.0 = Debug|Any CPU
		{9961C84C-BC5F-4614-B0BE-4FA255C02AA4}.Release|Any CPU.ActiveCfg = Release|Any CPU
		{9961C84C-BC5F-4614-B0BE-4FA255C02AA4}.Release|Any CPU.Build.0 = Release|Any CPU
		{546EDCA8-2E53-42C7-84E6-B845D8491DE6}.Debug|Any CPU.ActiveCfg = Debug|Any CPU
		{546EDCA8-2E53-42C7-84E6-B845D8491DE6}.Debug|Any CPU.Build.0 = Debug|Any CPU
		{546EDCA8-2E53-42C7-84E6-B845D8491DE6}.Release|Any CPU.ActiveCfg = Release|Any CPU
		{546EDCA8-2E53-42C7-84E6-B845D8491DE6}.Release|Any CPU.Build.0 = Release|Any CPU
		{8462AD50-F9A8-44CC-A456-F88E96855B2B}.Debug|Any CPU.ActiveCfg = Debug|Any CPU
		{8462AD50-F9A8-44CC-A456-F88E96855B2B}.Debug|Any CPU.Build.0 = Debug|Any CPU
		{8462AD50-F9A8-44CC-A456-F88E96855B2B}.Release|Any CPU.ActiveCfg = Release|Any CPU
		{8462AD50-F9A8-44CC-A456-F88E96855B2B}.Release|Any CPU.Build.0 = Release|Any CPU
		{AF721FE4-1092-46F2-B8D1-B74F0EA93E52}.Debug|Any CPU.ActiveCfg = Debug|Any CPU
		{AF721FE4-1092-46F2-B8D1-B74F0EA93E52}.Debug|Any CPU.Build.0 = Debug|Any CPU
		{AF721FE4-1092-46F2-B8D1-B74F0EA93E52}.Release|Any CPU.ActiveCfg = Release|Any CPU
		{AF721FE4-1092-46F2-B8D1-B74F0EA93E52}.Release|Any CPU.Build.0 = Release|Any CPU
		{3C81DF43-6AE1-40EA-ACD9-F6DD5588D807}.Debug|Any CPU.ActiveCfg = Debug|Any CPU
		{3C81DF43-6AE1-40EA-ACD9-F6DD5588D807}.Debug|Any CPU.Build.0 = Debug|Any CPU
		{3C81DF43-6AE1-40EA-ACD9-F6DD5588D807}.Release|Any CPU.ActiveCfg = Release|Any CPU
		{3C81DF43-6AE1-40EA-ACD9-F6DD5588D807}.Release|Any CPU.Build.0 = Release|Any CPU
		{E2B40C7C-6EC6-43FB-85C7-2F24BCDD72A9}.Debug|Any CPU.ActiveCfg = Debug|Any CPU
		{E2B40C7C-6EC6-43FB-85C7-2F24BCDD72A9}.Debug|Any CPU.Build.0 = Debug|Any CPU
		{E2B40C7C-6EC6-43FB-85C7-2F24BCDD72A9}.Release|Any CPU.ActiveCfg = Release|Any CPU
		{E2B40C7C-6EC6-43FB-85C7-2F24BCDD72A9}.Release|Any CPU.Build.0 = Release|Any CPU
		{E233C35B-5EC8-4E87-9C11-F842B20F56FE}.Debug|Any CPU.ActiveCfg = Debug|Any CPU
		{E233C35B-5EC8-4E87-9C11-F842B20F56FE}.Debug|Any CPU.Build.0 = Debug|Any CPU
		{E233C35B-5EC8-4E87-9C11-F842B20F56FE}.Release|Any CPU.ActiveCfg = Release|Any CPU
		{E233C35B-5EC8-4E87-9C11-F842B20F56FE}.Release|Any CPU.Build.0 = Release|Any CPU
	EndGlobalSection
	GlobalSection(NestedProjects) = preSolution
		{D44A2042-4202-4EC9-A7B1-5B20037C935D} = {21AB3962-AAB3-4AD0-8775-F395046BD377}
		{9961C84C-BC5F-4614-B0BE-4FA255C02AA4} = {21AB3962-AAB3-4AD0-8775-F395046BD377}
		{C0AA0E1C-3916-4B17-A00A-EFE08BE2476B} = {180E9B91-E298-4372-8F74-EC0381DF273A}
		{662F86CE-8810-48C2-B66F-B91A8BEE7CFA} = {180E9B91-E298-4372-8F74-EC0381DF273A}
		{546EDCA8-2E53-42C7-84E6-B845D8491DE6} = {662F86CE-8810-48C2-B66F-B91A8BEE7CFA}
		{8462AD50-F9A8-44CC-A456-F88E96855B2B} = {662F86CE-8810-48C2-B66F-B91A8BEE7CFA}
		{2E77A653-B67C-4DB5-A49A-ACA6A3AEA58E} = {1AC9FEB5-B8D2-4F3F-9273-6212CC9421FD}
		{2AF3958F-FEA9-4AB4-B5E7-FB78322FF9DD} = {C0AA0E1C-3916-4B17-A00A-EFE08BE2476B}
		{5FD9E025-EFDA-4941-B141-A79E7CE9152C} = {C0AA0E1C-3916-4B17-A00A-EFE08BE2476B}
		{F59A38BB-8F7A-4110-A0B8-4BC027AF90CB} = {C0AA0E1C-3916-4B17-A00A-EFE08BE2476B}
		{AF721FE4-1092-46F2-B8D1-B74F0EA93E52} = {C0AA0E1C-3916-4B17-A00A-EFE08BE2476B}
		{199EA6DB-4E67-46AB-A61C-038456A81025} = {180E9B91-E298-4372-8F74-EC0381DF273A}
		{3C81DF43-6AE1-40EA-ACD9-F6DD5588D807} = {199EA6DB-4E67-46AB-A61C-038456A81025}
		{E2B40C7C-6EC6-43FB-85C7-2F24BCDD72A9} = {199EA6DB-4E67-46AB-A61C-038456A81025}
		{E233C35B-5EC8-4E87-9C11-F842B20F56FE} = {199EA6DB-4E67-46AB-A61C-038456A81025}
	EndGlobalSection
EndGlobal
